
Microsoft Visual Studio Solution File, Format Version 12.00
# Visual Studio Version 17
VisualStudioVersion = 17.12.35521.163
MinimumVisualStudioVersion = 10.0.40219.1
Project("{FAE04EC0-301F-11D3-BF4B-00C04F79EFBC}") = "VisualisationWPF", "VisualisationWPF.csproj", "{05756ECB-DE57-4BEA-A9BC-9E7911D1F996}"
EndProject
Project("{FAE04EC0-301F-11D3-BF4B-00C04F79EFBC}") = "Projet_PSI_DELAROCHE_DEGARDIN_DARMON", "..\Projet_PSI_DELAROCHE_DEGARDIN_DARMON\Projet_PSI_DELAROCHE_DEGARDIN_DARMON.csproj", "{85931371-D8C9-49B3-9266-00C411E7D0C9}"
EndProject
Global
	GlobalSection(SolutionConfigurationPlatforms) = preSolution
		Debug|Any CPU = Debug|Any CPU
		Release|Any CPU = Release|Any CPU
	EndGlobalSection
	GlobalSection(ProjectConfigurationPlatforms) = postSolution
		{05756ECB-DE57-4BEA-A9BC-9E7911D1F996}.Debug|Any CPU.ActiveCfg = Debug|Any CPU
		{05756ECB-DE57-4BEA-A9BC-9E7911D1F996}.Debug|Any CPU.Build.0 = Debug|Any CPU
		{05756ECB-DE57-4BEA-A9BC-9E7911D1F996}.Release|Any CPU.ActiveCfg = Release|Any CPU
		{05756ECB-DE57-4BEA-A9BC-9E7911D1F996}.Release|Any CPU.Build.0 = Release|Any CPU
		{85931371-D8C9-49B3-9266-00C411E7D0C9}.Debug|Any CPU.ActiveCfg = Debug|Any CPU
		{85931371-D8C9-49B3-9266-00C411E7D0C9}.Debug|Any CPU.Build.0 = Debug|Any CPU
		{85931371-D8C9-49B3-9266-00C411E7D0C9}.Release|Any CPU.ActiveCfg = Release|Any CPU
		{85931371-D8C9-49B3-9266-00C411E7D0C9}.Release|Any CPU.Build.0 = Release|Any CPU
	EndGlobalSection
	GlobalSection(SolutionProperties) = preSolution
		HideSolutionNode = FALSE
	EndGlobalSection
EndGlobal
